// !$*UTF8*$!
{
	archiveVersion = 1;
	classes = {
	};
	objectVersion = 55;
	objects = {

/* Begin PBXBuildFile section */
		029A05D72806AA3C004B58B5 /* MasakanStoryboard.storyboard in Resources */ = {isa = PBXBuildFile; fileRef = 029A05D62806AA3C004B58B5 /* MasakanStoryboard.storyboard */; };
		029A05DB2806ACB8004B58B5 /* MasakanViewController.swift in Sources */ = {isa = PBXBuildFile; fileRef = 029A05DA2806ACB8004B58B5 /* MasakanViewController.swift */; };
		177F6B6A28048299003A822E /* OnBoardingViewController.swift in Sources */ = {isa = PBXBuildFile; fileRef = 177F6B6928048299003A822E /* OnBoardingViewController.swift */; };
		177F6B6C28048304003A822E /* Launch Screen.storyboard in Resources */ = {isa = PBXBuildFile; fileRef = 177F6B6B28048304003A822E /* Launch Screen.storyboard */; };
		177F6B6E280484EB003A822E /* Onboarding.storyboard in Resources */ = {isa = PBXBuildFile; fileRef = 177F6B6D280484EB003A822E /* Onboarding.storyboard */; };
		3899C78628051495002ED1E1 /* screenVitB9.storyboard in Resources */ = {isa = PBXBuildFile; fileRef = 3899C77128051495002ED1E1 /* screenVitB9.storyboard */; };
		3899C78728051495002ED1E1 /* screenKalsium.storyboard in Resources */ = {isa = PBXBuildFile; fileRef = 3899C77228051495002ED1E1 /* screenKalsium.storyboard */; };
		3899C78928051495002ED1E1 /* screenFosfor.storyboard in Resources */ = {isa = PBXBuildFile; fileRef = 3899C77428051495002ED1E1 /* screenFosfor.storyboard */; };
		3899C78A28051495002ED1E1 /* screenVitD.storyboard in Resources */ = {isa = PBXBuildFile; fileRef = 3899C77528051495002ED1E1 /* screenVitD.storyboard */; };
		3899C78B28051495002ED1E1 /* screenVitB1.storyboard in Resources */ = {isa = PBXBuildFile; fileRef = 3899C77628051495002ED1E1 /* screenVitB1.storyboard */; };
		3899C78C28051495002ED1E1 /* screenYodium.storyboard in Resources */ = {isa = PBXBuildFile; fileRef = 3899C77728051495002ED1E1 /* screenYodium.storyboard */; };
		3899C78D28051495002ED1E1 /* screenVitB6.storyboard in Resources */ = {isa = PBXBuildFile; fileRef = 3899C77828051495002ED1E1 /* screenVitB6.storyboard */; };
		3899C78E28051495002ED1E1 /* screenMagnesium.storyboard in Resources */ = {isa = PBXBuildFile; fileRef = 3899C77928051495002ED1E1 /* screenMagnesium.storyboard */; };
		3899C78F28051495002ED1E1 /* screenVitC.storyboard in Resources */ = {isa = PBXBuildFile; fileRef = 3899C77A28051495002ED1E1 /* screenVitC.storyboard */; };
		3899C79028051495002ED1E1 /* screenZatBesi.storyboard in Resources */ = {isa = PBXBuildFile; fileRef = 3899C77B28051495002ED1E1 /* screenZatBesi.storyboard */; };
		3899C79128051495002ED1E1 /* screenVitB3.storyboard in Resources */ = {isa = PBXBuildFile; fileRef = 3899C77C28051495002ED1E1 /* screenVitB3.storyboard */; };
		3899C79228051495002ED1E1 /* screenVitB12.storyboard in Resources */ = {isa = PBXBuildFile; fileRef = 3899C77D28051495002ED1E1 /* screenVitB12.storyboard */; };
		3899C79328051495002ED1E1 /* screenSelenium.storyboard in Resources */ = {isa = PBXBuildFile; fileRef = 3899C77E28051495002ED1E1 /* screenSelenium.storyboard */; };
		3899C79428051495002ED1E1 /* screenVitK.storyboard in Resources */ = {isa = PBXBuildFile; fileRef = 3899C77F28051495002ED1E1 /* screenVitK.storyboard */; };
		3899C79528051495002ED1E1 /* screenVitE.storyboard in Resources */ = {isa = PBXBuildFile; fileRef = 3899C78028051495002ED1E1 /* screenVitE.storyboard */; };
		3899C79628051495002ED1E1 /* screenMangan.storyboard in Resources */ = {isa = PBXBuildFile; fileRef = 3899C78128051495002ED1E1 /* screenMangan.storyboard */; };
		3899C79728051495002ED1E1 /* zatMakanan.swift in Sources */ = {isa = PBXBuildFile; fileRef = 3899C78228051495002ED1E1 /* zatMakanan.swift */; };
		3899C79828051495002ED1E1 /* screenVitB2.storyboard in Resources */ = {isa = PBXBuildFile; fileRef = 3899C78328051495002ED1E1 /* screenVitB2.storyboard */; };
		3899C79928051495002ED1E1 /* screenZinc.storyboard in Resources */ = {isa = PBXBuildFile; fileRef = 3899C78428051495002ED1E1 /* screenZinc.storyboard */; };
		3899C79C28051F0F002ED1E1 /* screenProtein.storyboard in Resources */ = {isa = PBXBuildFile; fileRef = 3899C79B28051F0F002ED1E1 /* screenProtein.storyboard */; };
		3899C79E280522E0002ED1E1 /* screenVitA.storyboard in Resources */ = {isa = PBXBuildFile; fileRef = 3899C79D280522E0002ED1E1 /* screenVitA.storyboard */; };
		4A9195F527FCB54300D9C791 /* AppDelegate.swift in Sources */ = {isa = PBXBuildFile; fileRef = 4A9195F427FCB54300D9C791 /* AppDelegate.swift */; };
		4A9195F727FCB54300D9C791 /* SceneDelegate.swift in Sources */ = {isa = PBXBuildFile; fileRef = 4A9195F627FCB54300D9C791 /* SceneDelegate.swift */; };
		4A9195F927FCB54300D9C791 /* ViewController.swift in Sources */ = {isa = PBXBuildFile; fileRef = 4A9195F827FCB54300D9C791 /* ViewController.swift */; };
		4A9195FC27FCB54300D9C791 /* Main.storyboard in Resources */ = {isa = PBXBuildFile; fileRef = 4A9195FA27FCB54300D9C791 /* Main.storyboard */; };
		4A9195FE27FCB54400D9C791 /* Assets.xcassets in Resources */ = {isa = PBXBuildFile; fileRef = 4A9195FD27FCB54400D9C791 /* Assets.xcassets */; };
		4A91960C27FCB54400D9C791 /* BuMealsTests.swift in Sources */ = {isa = PBXBuildFile; fileRef = 4A91960B27FCB54400D9C791 /* BuMealsTests.swift */; };
		4A91961627FCB54400D9C791 /* BuMealsUITests.swift in Sources */ = {isa = PBXBuildFile; fileRef = 4A91961527FCB54400D9C791 /* BuMealsUITests.swift */; };
		4A91961827FCB54400D9C791 /* BuMealsUITestsLaunchTests.swift in Sources */ = {isa = PBXBuildFile; fileRef = 4A91961727FCB54400D9C791 /* BuMealsUITestsLaunchTests.swift */; };
		4AB37EBE2805B9EF00B37C9E /* PilihanBuMealsViewController.swift in Sources */ = {isa = PBXBuildFile; fileRef = 4AB37EBD2805B9EF00B37C9E /* PilihanBuMealsViewController.swift */; };
		FA3B51FE2802A85B00691F87 /* Model.swift in Sources */ = {isa = PBXBuildFile; fileRef = FA3B51FD2802A85B00691F87 /* Model.swift */; };
		FA3B52002802A86E00691F87 /* Object.swift in Sources */ = {isa = PBXBuildFile; fileRef = FA3B51FF2802A86E00691F87 /* Object.swift */; };
		FA410C052805B56A002E85D4 /* ListDetailView.swift in Sources */ = {isa = PBXBuildFile; fileRef = FA410C042805B56A002E85D4 /* ListDetailView.swift */; };
		FA410C072805B571002E85D4 /* MyApp.swift in Sources */ = {isa = PBXBuildFile; fileRef = FA410C062805B571002E85D4 /* MyApp.swift */; };
		FA410C0B2805B590002E85D4 /* ContentView.swift in Sources */ = {isa = PBXBuildFile; fileRef = FA410C0A2805B590002E85D4 /* ContentView.swift */; };
/* End PBXBuildFile section */

/* Begin PBXContainerItemProxy section */
		4A91960827FCB54400D9C791 /* PBXContainerItemProxy */ = {
			isa = PBXContainerItemProxy;
			containerPortal = 4A9195E927FCB54300D9C791 /* Project object */;
			proxyType = 1;
			remoteGlobalIDString = 4A9195F027FCB54300D9C791;
			remoteInfo = BuMeals;
		};
		4A91961227FCB54400D9C791 /* PBXContainerItemProxy */ = {
			isa = PBXContainerItemProxy;
			containerPortal = 4A9195E927FCB54300D9C791 /* Project object */;
			proxyType = 1;
			remoteGlobalIDString = 4A9195F027FCB54300D9C791;
			remoteInfo = BuMeals;
		};
/* End PBXContainerItemProxy section */

/* Begin PBXFileReference section */
		029A05D62806AA3C004B58B5 /* MasakanStoryboard.storyboard */ = {isa = PBXFileReference; lastKnownFileType = file.storyboard; path = MasakanStoryboard.storyboard; sourceTree = "<group>"; };
		029A05DA2806ACB8004B58B5 /* MasakanViewController.swift */ = {isa = PBXFileReference; lastKnownFileType = sourcecode.swift; path = MasakanViewController.swift; sourceTree = "<group>"; };
		177F6B6928048299003A822E /* OnBoardingViewController.swift */ = {isa = PBXFileReference; lastKnownFileType = sourcecode.swift; path = OnBoardingViewController.swift; sourceTree = "<group>"; };
		177F6B6B28048304003A822E /* Launch Screen.storyboard */ = {isa = PBXFileReference; lastKnownFileType = file.storyboard; path = "Launch Screen.storyboard"; sourceTree = "<group>"; };
		177F6B6D280484EB003A822E /* Onboarding.storyboard */ = {isa = PBXFileReference; lastKnownFileType = file.storyboard; path = Onboarding.storyboard; sourceTree = "<group>"; };
		3899C77128051495002ED1E1 /* screenVitB9.storyboard */ = {isa = PBXFileReference; fileEncoding = 4; lastKnownFileType = file.storyboard; path = screenVitB9.storyboard; sourceTree = "<group>"; };
		3899C77228051495002ED1E1 /* screenKalsium.storyboard */ = {isa = PBXFileReference; fileEncoding = 4; lastKnownFileType = file.storyboard; path = screenKalsium.storyboard; sourceTree = "<group>"; };
		3899C77428051495002ED1E1 /* screenFosfor.storyboard */ = {isa = PBXFileReference; fileEncoding = 4; lastKnownFileType = file.storyboard; path = screenFosfor.storyboard; sourceTree = "<group>"; };
		3899C77528051495002ED1E1 /* screenVitD.storyboard */ = {isa = PBXFileReference; fileEncoding = 4; lastKnownFileType = file.storyboard; path = screenVitD.storyboard; sourceTree = "<group>"; };
		3899C77628051495002ED1E1 /* screenVitB1.storyboard */ = {isa = PBXFileReference; fileEncoding = 4; lastKnownFileType = file.storyboard; path = screenVitB1.storyboard; sourceTree = "<group>"; };
		3899C77728051495002ED1E1 /* screenYodium.storyboard */ = {isa = PBXFileReference; fileEncoding = 4; lastKnownFileType = file.storyboard; path = screenYodium.storyboard; sourceTree = "<group>"; };
		3899C77828051495002ED1E1 /* screenVitB6.storyboard */ = {isa = PBXFileReference; fileEncoding = 4; lastKnownFileType = file.storyboard; path = screenVitB6.storyboard; sourceTree = "<group>"; };
		3899C77928051495002ED1E1 /* screenMagnesium.storyboard */ = {isa = PBXFileReference; fileEncoding = 4; lastKnownFileType = file.storyboard; path = screenMagnesium.storyboard; sourceTree = "<group>"; };
		3899C77A28051495002ED1E1 /* screenVitC.storyboard */ = {isa = PBXFileReference; fileEncoding = 4; lastKnownFileType = file.storyboard; path = screenVitC.storyboard; sourceTree = "<group>"; };
		3899C77B28051495002ED1E1 /* screenZatBesi.storyboard */ = {isa = PBXFileReference; fileEncoding = 4; lastKnownFileType = file.storyboard; path = screenZatBesi.storyboard; sourceTree = "<group>"; };
		3899C77C28051495002ED1E1 /* screenVitB3.storyboard */ = {isa = PBXFileReference; fileEncoding = 4; lastKnownFileType = file.storyboard; path = screenVitB3.storyboard; sourceTree = "<group>"; };
		3899C77D28051495002ED1E1 /* screenVitB12.storyboard */ = {isa = PBXFileReference; fileEncoding = 4; lastKnownFileType = file.storyboard; path = screenVitB12.storyboard; sourceTree = "<group>"; };
		3899C77E28051495002ED1E1 /* screenSelenium.storyboard */ = {isa = PBXFileReference; fileEncoding = 4; lastKnownFileType = file.storyboard; path = screenSelenium.storyboard; sourceTree = "<group>"; };
		3899C77F28051495002ED1E1 /* screenVitK.storyboard */ = {isa = PBXFileReference; fileEncoding = 4; lastKnownFileType = file.storyboard; path = screenVitK.storyboard; sourceTree = "<group>"; };
		3899C78028051495002ED1E1 /* screenVitE.storyboard */ = {isa = PBXFileReference; fileEncoding = 4; lastKnownFileType = file.storyboard; path = screenVitE.storyboard; sourceTree = "<group>"; };
		3899C78128051495002ED1E1 /* screenMangan.storyboard */ = {isa = PBXFileReference; fileEncoding = 4; lastKnownFileType = file.storyboard; path = screenMangan.storyboard; sourceTree = "<group>"; };
		3899C78228051495002ED1E1 /* zatMakanan.swift */ = {isa = PBXFileReference; fileEncoding = 4; lastKnownFileType = sourcecode.swift; path = zatMakanan.swift; sourceTree = "<group>"; };
		3899C78328051495002ED1E1 /* screenVitB2.storyboard */ = {isa = PBXFileReference; fileEncoding = 4; lastKnownFileType = file.storyboard; path = screenVitB2.storyboard; sourceTree = "<group>"; };
		3899C78428051495002ED1E1 /* screenZinc.storyboard */ = {isa = PBXFileReference; fileEncoding = 4; lastKnownFileType = file.storyboard; path = screenZinc.storyboard; sourceTree = "<group>"; };
		3899C79B28051F0F002ED1E1 /* screenProtein.storyboard */ = {isa = PBXFileReference; fileEncoding = 4; lastKnownFileType = file.storyboard; path = screenProtein.storyboard; sourceTree = "<group>"; };
		3899C79D280522E0002ED1E1 /* screenVitA.storyboard */ = {isa = PBXFileReference; fileEncoding = 4; lastKnownFileType = file.storyboard; path = screenVitA.storyboard; sourceTree = "<group>"; };
		4A9195F127FCB54300D9C791 /* BuMeals.app */ = {isa = PBXFileReference; explicitFileType = wrapper.application; includeInIndex = 0; path = BuMeals.app; sourceTree = BUILT_PRODUCTS_DIR; };
		4A9195F427FCB54300D9C791 /* AppDelegate.swift */ = {isa = PBXFileReference; lastKnownFileType = sourcecode.swift; path = AppDelegate.swift; sourceTree = "<group>"; };
		4A9195F627FCB54300D9C791 /* SceneDelegate.swift */ = {isa = PBXFileReference; lastKnownFileType = sourcecode.swift; path = SceneDelegate.swift; sourceTree = "<group>"; };
		4A9195F827FCB54300D9C791 /* ViewController.swift */ = {isa = PBXFileReference; lastKnownFileType = sourcecode.swift; path = ViewController.swift; sourceTree = "<group>"; };
		4A9195FB27FCB54300D9C791 /* Base */ = {isa = PBXFileReference; lastKnownFileType = file.storyboard; name = Base; path = Base.lproj/Main.storyboard; sourceTree = "<group>"; };
		4A9195FD27FCB54400D9C791 /* Assets.xcassets */ = {isa = PBXFileReference; lastKnownFileType = folder.assetcatalog; path = Assets.xcassets; sourceTree = "<group>"; };
		4A91960227FCB54400D9C791 /* Info.plist */ = {isa = PBXFileReference; lastKnownFileType = text.plist.xml; path = Info.plist; sourceTree = "<group>"; };
		4A91960727FCB54400D9C791 /* BuMealsTests.xctest */ = {isa = PBXFileReference; explicitFileType = wrapper.cfbundle; includeInIndex = 0; path = BuMealsTests.xctest; sourceTree = BUILT_PRODUCTS_DIR; };
		4A91960B27FCB54400D9C791 /* BuMealsTests.swift */ = {isa = PBXFileReference; lastKnownFileType = sourcecode.swift; path = BuMealsTests.swift; sourceTree = "<group>"; };
		4A91961127FCB54400D9C791 /* BuMealsUITests.xctest */ = {isa = PBXFileReference; explicitFileType = wrapper.cfbundle; includeInIndex = 0; path = BuMealsUITests.xctest; sourceTree = BUILT_PRODUCTS_DIR; };
		4A91961527FCB54400D9C791 /* BuMealsUITests.swift */ = {isa = PBXFileReference; lastKnownFileType = sourcecode.swift; path = BuMealsUITests.swift; sourceTree = "<group>"; };
		4A91961727FCB54400D9C791 /* BuMealsUITestsLaunchTests.swift */ = {isa = PBXFileReference; lastKnownFileType = sourcecode.swift; path = BuMealsUITestsLaunchTests.swift; sourceTree = "<group>"; };
		4AB37EBD2805B9EF00B37C9E /* PilihanBuMealsViewController.swift */ = {isa = PBXFileReference; lastKnownFileType = sourcecode.swift; path = PilihanBuMealsViewController.swift; sourceTree = "<group>"; };
		FA3B51FD2802A85B00691F87 /* Model.swift */ = {isa = PBXFileReference; lastKnownFileType = sourcecode.swift; path = Model.swift; sourceTree = "<group>"; };
		FA3B51FF2802A86E00691F87 /* Object.swift */ = {isa = PBXFileReference; lastKnownFileType = sourcecode.swift; path = Object.swift; sourceTree = "<group>"; };
		FA410C042805B56A002E85D4 /* ListDetailView.swift */ = {isa = PBXFileReference; fileEncoding = 4; lastKnownFileType = sourcecode.swift; path = ListDetailView.swift; sourceTree = "<group>"; };
		FA410C062805B571002E85D4 /* MyApp.swift */ = {isa = PBXFileReference; fileEncoding = 4; lastKnownFileType = sourcecode.swift; path = MyApp.swift; sourceTree = "<group>"; };
		FA410C0A2805B590002E85D4 /* ContentView.swift */ = {isa = PBXFileReference; fileEncoding = 4; lastKnownFileType = sourcecode.swift; path = ContentView.swift; sourceTree = "<group>"; };
/* End PBXFileReference section */

/* Begin PBXFrameworksBuildPhase section */
		4A9195EE27FCB54300D9C791 /* Frameworks */ = {
			isa = PBXFrameworksBuildPhase;
			buildActionMask = 2147483647;
			files = (
			);
			runOnlyForDeploymentPostprocessing = 0;
		};
		4A91960427FCB54400D9C791 /* Frameworks */ = {
			isa = PBXFrameworksBuildPhase;
			buildActionMask = 2147483647;
			files = (
			);
			runOnlyForDeploymentPostprocessing = 0;
		};
		4A91960E27FCB54400D9C791 /* Frameworks */ = {
			isa = PBXFrameworksBuildPhase;
			buildActionMask = 2147483647;
			files = (
			);
			runOnlyForDeploymentPostprocessing = 0;
		};
/* End PBXFrameworksBuildPhase section */

/* Begin PBXGroup section */
		029A05D52806AA09004B58B5 /* Masakan */ = {
			isa = PBXGroup;
			children = (
				029A05D62806AA3C004B58B5 /* MasakanStoryboard.storyboard */,
				029A05DA2806ACB8004B58B5 /* MasakanViewController.swift */,
			);
			path = Masakan;
			sourceTree = "<group>";
		};
		4A5E626B27FEA6550096F5F6 /* StoryBoard BuMeals */ = {
			isa = PBXGroup;
			children = (
				177F6B6B28048304003A822E /* Launch Screen.storyboard */,
				4A9195F427FCB54300D9C791 /* AppDelegate.swift */,
				4A9195F627FCB54300D9C791 /* SceneDelegate.swift */,
				FA3B51FD2802A85B00691F87 /* Model.swift */,
				FA3B51FF2802A86E00691F87 /* Object.swift */,
				4A9195FD27FCB54400D9C791 /* Assets.xcassets */,
				029A05D52806AA09004B58B5 /* Masakan */,
				4A5E627127FEA7A80096F5F6 /* Zat Makanan */,
				4A5E626F27FEA7930096F5F6 /* Bahan Makanan */,
				4A5E626E27FEA7450096F5F6 /* Pilihan BuMeals, Riwayat, Favorit */,
				4A5E626D27FEA6F30096F5F6 /* Nutrition Selection */,
				4A5E626C27FEA6D00096F5F6 /* Welcome Page */,
			);
			path = "StoryBoard BuMeals";
			sourceTree = "<group>";
		};
		4A5E626C27FEA6D00096F5F6 /* Welcome Page */ = {
			isa = PBXGroup;
			children = (
				177F6B6928048299003A822E /* OnBoardingViewController.swift */,
				177F6B6D280484EB003A822E /* Onboarding.storyboard */,
			);
			path = "Welcome Page";
			sourceTree = "<group>";
		};
		4A5E626D27FEA6F30096F5F6 /* Nutrition Selection */ = {
			isa = PBXGroup;
			children = (
				4A9195F827FCB54300D9C791 /* ViewController.swift */,
				4A9195FA27FCB54300D9C791 /* Main.storyboard */,
			);
			path = "Nutrition Selection";
			sourceTree = "<group>";
		};
		4A5E626E27FEA7450096F5F6 /* Pilihan BuMeals, Riwayat, Favorit */ = {
			isa = PBXGroup;
			children = (
				FA410C062805B571002E85D4 /* MyApp.swift */,
				FA410C0A2805B590002E85D4 /* ContentView.swift */,
				FA410C042805B56A002E85D4 /* ListDetailView.swift */,
				4AB37EBD2805B9EF00B37C9E /* PilihanBuMealsViewController.swift */,
			);
			path = "Pilihan BuMeals, Riwayat, Favorit";
			sourceTree = "<group>";
		};
		4A5E626F27FEA7930096F5F6 /* Bahan Makanan */ = {
			isa = PBXGroup;
			children = (
			);
			path = "Bahan Makanan";
			sourceTree = "<group>";
		};
		4A5E627127FEA7A80096F5F6 /* Zat Makanan */ = {
			isa = PBXGroup;
			children = (
				3899C78228051495002ED1E1 /* zatMakanan.swift */,
				3899C79B28051F0F002ED1E1 /* screenProtein.storyboard */,
				3899C79D280522E0002ED1E1 /* screenVitA.storyboard */,
				3899C77628051495002ED1E1 /* screenVitB1.storyboard */,
				3899C78328051495002ED1E1 /* screenVitB2.storyboard */,
				3899C77C28051495002ED1E1 /* screenVitB3.storyboard */,
				3899C77828051495002ED1E1 /* screenVitB6.storyboard */,
				3899C77128051495002ED1E1 /* screenVitB9.storyboard */,
				3899C77D28051495002ED1E1 /* screenVitB12.storyboard */,
				3899C77A28051495002ED1E1 /* screenVitC.storyboard */,
				3899C77528051495002ED1E1 /* screenVitD.storyboard */,
				3899C78028051495002ED1E1 /* screenVitE.storyboard */,
				3899C77F28051495002ED1E1 /* screenVitK.storyboard */,
				3899C77228051495002ED1E1 /* screenKalsium.storyboard */,
				3899C77428051495002ED1E1 /* screenFosfor.storyboard */,
				3899C77928051495002ED1E1 /* screenMagnesium.storyboard */,
				3899C77B28051495002ED1E1 /* screenZatBesi.storyboard */,
				3899C77728051495002ED1E1 /* screenYodium.storyboard */,
				3899C78428051495002ED1E1 /* screenZinc.storyboard */,
				3899C77E28051495002ED1E1 /* screenSelenium.storyboard */,
				3899C78128051495002ED1E1 /* screenMangan.storyboard */,
			);
			path = "Zat Makanan";
			sourceTree = "<group>";
		};
		4A9195E827FCB54300D9C791 = {
			isa = PBXGroup;
			children = (
				4A9195F327FCB54300D9C791 /* BuMeals */,
				4A91960A27FCB54400D9C791 /* BuMealsTests */,
				4A91961427FCB54400D9C791 /* BuMealsUITests */,
				4A9195F227FCB54300D9C791 /* Products */,
			);
			sourceTree = "<group>";
		};
		4A9195F227FCB54300D9C791 /* Products */ = {
			isa = PBXGroup;
			children = (
				4A9195F127FCB54300D9C791 /* BuMeals.app */,
				4A91960727FCB54400D9C791 /* BuMealsTests.xctest */,
				4A91961127FCB54400D9C791 /* BuMealsUITests.xctest */,
			);
			name = Products;
			sourceTree = "<group>";
		};
		4A9195F327FCB54300D9C791 /* BuMeals */ = {
			isa = PBXGroup;
			children = (
				4A5E626B27FEA6550096F5F6 /* StoryBoard BuMeals */,
				4A91960227FCB54400D9C791 /* Info.plist */,
			);
			path = BuMeals;
			sourceTree = "<group>";
		};
		4A91960A27FCB54400D9C791 /* BuMealsTests */ = {
			isa = PBXGroup;
			children = (
				4A91960B27FCB54400D9C791 /* BuMealsTests.swift */,
			);
			path = BuMealsTests;
			sourceTree = "<group>";
		};
		4A91961427FCB54400D9C791 /* BuMealsUITests */ = {
			isa = PBXGroup;
			children = (
				4A91961527FCB54400D9C791 /* BuMealsUITests.swift */,
				4A91961727FCB54400D9C791 /* BuMealsUITestsLaunchTests.swift */,
			);
			path = BuMealsUITests;
			sourceTree = "<group>";
		};
/* End PBXGroup section */

/* Begin PBXNativeTarget section */
		4A9195F027FCB54300D9C791 /* BuMeals */ = {
			isa = PBXNativeTarget;
			buildConfigurationList = 4A91961B27FCB54400D9C791 /* Build configuration list for PBXNativeTarget "BuMeals" */;
			buildPhases = (
				4A9195ED27FCB54300D9C791 /* Sources */,
				4A9195EE27FCB54300D9C791 /* Frameworks */,
				4A9195EF27FCB54300D9C791 /* Resources */,
			);
			buildRules = (
			);
			dependencies = (
			);
			name = BuMeals;
			productName = BuMeals;
			productReference = 4A9195F127FCB54300D9C791 /* BuMeals.app */;
			productType = "com.apple.product-type.application";
		};
		4A91960627FCB54400D9C791 /* BuMealsTests */ = {
			isa = PBXNativeTarget;
			buildConfigurationList = 4A91961E27FCB54400D9C791 /* Build configuration list for PBXNativeTarget "BuMealsTests" */;
			buildPhases = (
				4A91960327FCB54400D9C791 /* Sources */,
				4A91960427FCB54400D9C791 /* Frameworks */,
				4A91960527FCB54400D9C791 /* Resources */,
			);
			buildRules = (
			);
			dependencies = (
				4A91960927FCB54400D9C791 /* PBXTargetDependency */,
			);
			name = BuMealsTests;
			productName = BuMealsTests;
			productReference = 4A91960727FCB54400D9C791 /* BuMealsTests.xctest */;
			productType = "com.apple.product-type.bundle.unit-test";
		};
		4A91961027FCB54400D9C791 /* BuMealsUITests */ = {
			isa = PBXNativeTarget;
			buildConfigurationList = 4A91962127FCB54400D9C791 /* Build configuration list for PBXNativeTarget "BuMealsUITests" */;
			buildPhases = (
				4A91960D27FCB54400D9C791 /* Sources */,
				4A91960E27FCB54400D9C791 /* Frameworks */,
				4A91960F27FCB54400D9C791 /* Resources */,
			);
			buildRules = (
			);
			dependencies = (
				4A91961327FCB54400D9C791 /* PBXTargetDependency */,
			);
			name = BuMealsUITests;
			productName = BuMealsUITests;
			productReference = 4A91961127FCB54400D9C791 /* BuMealsUITests.xctest */;
			productType = "com.apple.product-type.bundle.ui-testing";
		};
/* End PBXNativeTarget section */

/* Begin PBXProject section */
		4A9195E927FCB54300D9C791 /* Project object */ = {
			isa = PBXProject;
			attributes = {
				BuildIndependentTargetsInParallel = 1;
				LastSwiftUpdateCheck = 1330;
				LastUpgradeCheck = 1330;
				TargetAttributes = {
					4A9195F027FCB54300D9C791 = {
						CreatedOnToolsVersion = 13.3;
					};
					4A91960627FCB54400D9C791 = {
						CreatedOnToolsVersion = 13.3;
						TestTargetID = 4A9195F027FCB54300D9C791;
					};
					4A91961027FCB54400D9C791 = {
						CreatedOnToolsVersion = 13.3;
						TestTargetID = 4A9195F027FCB54300D9C791;
					};
				};
			};
			buildConfigurationList = 4A9195EC27FCB54300D9C791 /* Build configuration list for PBXProject "BuMeals" */;
			compatibilityVersion = "Xcode 13.0";
			developmentRegion = en;
			hasScannedForEncodings = 0;
			knownRegions = (
				en,
				Base,
			);
			mainGroup = 4A9195E827FCB54300D9C791;
			productRefGroup = 4A9195F227FCB54300D9C791 /* Products */;
			projectDirPath = "";
			projectRoot = "";
			targets = (
				4A9195F027FCB54300D9C791 /* BuMeals */,
				4A91960627FCB54400D9C791 /* BuMealsTests */,
				4A91961027FCB54400D9C791 /* BuMealsUITests */,
			);
		};
/* End PBXProject section */

/* Begin PBXResourcesBuildPhase section */
		4A9195EF27FCB54300D9C791 /* Resources */ = {
			isa = PBXResourcesBuildPhase;
			buildActionMask = 2147483647;
			files = (
				3899C79E280522E0002ED1E1 /* screenVitA.storyboard in Resources */,
				3899C78A28051495002ED1E1 /* screenVitD.storyboard in Resources */,
				4A9195FE27FCB54400D9C791 /* Assets.xcassets in Resources */,
				3899C79028051495002ED1E1 /* screenZatBesi.storyboard in Resources */,
				3899C78F28051495002ED1E1 /* screenVitC.storyboard in Resources */,
				3899C78628051495002ED1E1 /* screenVitB9.storyboard in Resources */,
				3899C79128051495002ED1E1 /* screenVitB3.storyboard in Resources */,
				3899C78E28051495002ED1E1 /* screenMagnesium.storyboard in Resources */,
				3899C79928051495002ED1E1 /* screenZinc.storyboard in Resources */,
				3899C79228051495002ED1E1 /* screenVitB12.storyboard in Resources */,
				3899C79428051495002ED1E1 /* screenVitK.storyboard in Resources */,
				3899C78B28051495002ED1E1 /* screenVitB1.storyboard in Resources */,
				4A9195FC27FCB54300D9C791 /* Main.storyboard in Resources */,
				029A05D72806AA3C004B58B5 /* MasakanStoryboard.storyboard in Resources */,
				3899C79528051495002ED1E1 /* screenVitE.storyboard in Resources */,
				3899C78728051495002ED1E1 /* screenKalsium.storyboard in Resources */,
				3899C78928051495002ED1E1 /* screenFosfor.storyboard in Resources */,
				3899C78D28051495002ED1E1 /* screenVitB6.storyboard in Resources */,
				3899C78C28051495002ED1E1 /* screenYodium.storyboard in Resources */,
				177F6B6C28048304003A822E /* Launch Screen.storyboard in Resources */,
				3899C79328051495002ED1E1 /* screenSelenium.storyboard in Resources */,
				3899C79C28051F0F002ED1E1 /* screenProtein.storyboard in Resources */,
				3899C79628051495002ED1E1 /* screenMangan.storyboard in Resources */,
				3899C79828051495002ED1E1 /* screenVitB2.storyboard in Resources */,
				177F6B6E280484EB003A822E /* Onboarding.storyboard in Resources */,
			);
			runOnlyForDeploymentPostprocessing = 0;
		};
		4A91960527FCB54400D9C791 /* Resources */ = {
			isa = PBXResourcesBuildPhase;
			buildActionMask = 2147483647;
			files = (
			);
			runOnlyForDeploymentPostprocessing = 0;
		};
		4A91960F27FCB54400D9C791 /* Resources */ = {
			isa = PBXResourcesBuildPhase;
			buildActionMask = 2147483647;
			files = (
			);
			runOnlyForDeploymentPostprocessing = 0;
		};
/* End PBXResourcesBuildPhase section */

/* Begin PBXSourcesBuildPhase section */
		4A9195ED27FCB54300D9C791 /* Sources */ = {
			isa = PBXSourcesBuildPhase;
			buildActionMask = 2147483647;
			files = (
				FA3B51FE2802A85B00691F87 /* Model.swift in Sources */,
				029A05DB2806ACB8004B58B5 /* MasakanViewController.swift in Sources */,
				FA410C052805B56A002E85D4 /* ListDetailView.swift in Sources */,
				177F6B6A28048299003A822E /* OnBoardingViewController.swift in Sources */,
				4AB37EBE2805B9EF00B37C9E /* PilihanBuMealsViewController.swift in Sources */,
				4A9195F927FCB54300D9C791 /* ViewController.swift in Sources */,
				4A9195F527FCB54300D9C791 /* AppDelegate.swift in Sources */,
				FA410C072805B571002E85D4 /* MyApp.swift in Sources */,
				FA410C0B2805B590002E85D4 /* ContentView.swift in Sources */,
				3899C79728051495002ED1E1 /* zatMakanan.swift in Sources */,
				FA3B52002802A86E00691F87 /* Object.swift in Sources */,
				4A9195F727FCB54300D9C791 /* SceneDelegate.swift in Sources */,
			);
			runOnlyForDeploymentPostprocessing = 0;
		};
		4A91960327FCB54400D9C791 /* Sources */ = {
			isa = PBXSourcesBuildPhase;
			buildActionMask = 2147483647;
			files = (
				4A91960C27FCB54400D9C791 /* BuMealsTests.swift in Sources */,
			);
			runOnlyForDeploymentPostprocessing = 0;
		};
		4A91960D27FCB54400D9C791 /* Sources */ = {
			isa = PBXSourcesBuildPhase;
			buildActionMask = 2147483647;
			files = (
				4A91961827FCB54400D9C791 /* BuMealsUITestsLaunchTests.swift in Sources */,
				4A91961627FCB54400D9C791 /* BuMealsUITests.swift in Sources */,
			);
			runOnlyForDeploymentPostprocessing = 0;
		};
/* End PBXSourcesBuildPhase section */

/* Begin PBXTargetDependency section */
		4A91960927FCB54400D9C791 /* PBXTargetDependency */ = {
			isa = PBXTargetDependency;
			target = 4A9195F027FCB54300D9C791 /* BuMeals */;
			targetProxy = 4A91960827FCB54400D9C791 /* PBXContainerItemProxy */;
		};
		4A91961327FCB54400D9C791 /* PBXTargetDependency */ = {
			isa = PBXTargetDependency;
			target = 4A9195F027FCB54300D9C791 /* BuMeals */;
			targetProxy = 4A91961227FCB54400D9C791 /* PBXContainerItemProxy */;
		};
/* End PBXTargetDependency section */

/* Begin PBXVariantGroup section */
		4A9195FA27FCB54300D9C791 /* Main.storyboard */ = {
			isa = PBXVariantGroup;
			children = (
				4A9195FB27FCB54300D9C791 /* Base */,
			);
			name = Main.storyboard;
			sourceTree = "<group>";
		};
/* End PBXVariantGroup section */

/* Begin XCBuildConfiguration section */
		4A91961927FCB54400D9C791 /* Debug */ = {
			isa = XCBuildConfiguration;
			buildSettings = {
				ALWAYS_SEARCH_USER_PATHS = NO;
				CLANG_ANALYZER_NONNULL = YES;
				CLANG_ANALYZER_NUMBER_OBJECT_CONVERSION = YES_AGGRESSIVE;
				CLANG_CXX_LANGUAGE_STANDARD = "gnu++17";
				CLANG_ENABLE_MODULES = YES;
				CLANG_ENABLE_OBJC_ARC = YES;
				CLANG_ENABLE_OBJC_WEAK = YES;
				CLANG_WARN_BLOCK_CAPTURE_AUTORELEASING = YES;
				CLANG_WARN_BOOL_CONVERSION = YES;
				CLANG_WARN_COMMA = YES;
				CLANG_WARN_CONSTANT_CONVERSION = YES;
				CLANG_WARN_DEPRECATED_OBJC_IMPLEMENTATIONS = YES;
				CLANG_WARN_DIRECT_OBJC_ISA_USAGE = YES_ERROR;
				CLANG_WARN_DOCUMENTATION_COMMENTS = YES;
				CLANG_WARN_EMPTY_BODY = YES;
				CLANG_WARN_ENUM_CONVERSION = YES;
				CLANG_WARN_INFINITE_RECURSION = YES;
				CLANG_WARN_INT_CONVERSION = YES;
				CLANG_WARN_NON_LITERAL_NULL_CONVERSION = YES;
				CLANG_WARN_OBJC_IMPLICIT_RETAIN_SELF = YES;
				CLANG_WARN_OBJC_LITERAL_CONVERSION = YES;
				CLANG_WARN_OBJC_ROOT_CLASS = YES_ERROR;
				CLANG_WARN_QUOTED_INCLUDE_IN_FRAMEWORK_HEADER = YES;
				CLANG_WARN_RANGE_LOOP_ANALYSIS = YES;
				CLANG_WARN_STRICT_PROTOTYPES = YES;
				CLANG_WARN_SUSPICIOUS_MOVE = YES;
				CLANG_WARN_UNGUARDED_AVAILABILITY = YES_AGGRESSIVE;
				CLANG_WARN_UNREACHABLE_CODE = YES;
				CLANG_WARN__DUPLICATE_METHOD_MATCH = YES;
				COPY_PHASE_STRIP = NO;
				DEBUG_INFORMATION_FORMAT = dwarf;
				ENABLE_STRICT_OBJC_MSGSEND = YES;
				ENABLE_TESTABILITY = YES;
				GCC_C_LANGUAGE_STANDARD = gnu11;
				GCC_DYNAMIC_NO_PIC = NO;
				GCC_NO_COMMON_BLOCKS = YES;
				GCC_OPTIMIZATION_LEVEL = 0;
				GCC_PREPROCESSOR_DEFINITIONS = (
					"DEBUG=1",
					"$(inherited)",
				);
				GCC_WARN_64_TO_32_BIT_CONVERSION = YES;
				GCC_WARN_ABOUT_RETURN_TYPE = YES_ERROR;
				GCC_WARN_UNDECLARED_SELECTOR = YES;
				GCC_WARN_UNINITIALIZED_AUTOS = YES_AGGRESSIVE;
				GCC_WARN_UNUSED_FUNCTION = YES;
				GCC_WARN_UNUSED_VARIABLE = YES;
				IPHONEOS_DEPLOYMENT_TARGET = 15.4;
				MTL_ENABLE_DEBUG_INFO = INCLUDE_SOURCE;
				MTL_FAST_MATH = YES;
				ONLY_ACTIVE_ARCH = YES;
				SDKROOT = iphoneos;
				SWIFT_ACTIVE_COMPILATION_CONDITIONS = DEBUG;
				SWIFT_OPTIMIZATION_LEVEL = "-Onone";
			};
			name = Debug;
		};
		4A91961A27FCB54400D9C791 /* Release */ = {
			isa = XCBuildConfiguration;
			buildSettings = {
				ALWAYS_SEARCH_USER_PATHS = NO;
				CLANG_ANALYZER_NONNULL = YES;
				CLANG_ANALYZER_NUMBER_OBJECT_CONVERSION = YES_AGGRESSIVE;
				CLANG_CXX_LANGUAGE_STANDARD = "gnu++17";
				CLANG_ENABLE_MODULES = YES;
				CLANG_ENABLE_OBJC_ARC = YES;
				CLANG_ENABLE_OBJC_WEAK = YES;
				CLANG_WARN_BLOCK_CAPTURE_AUTORELEASING = YES;
				CLANG_WARN_BOOL_CONVERSION = YES;
				CLANG_WARN_COMMA = YES;
				CLANG_WARN_CONSTANT_CONVERSION = YES;
				CLANG_WARN_DEPRECATED_OBJC_IMPLEMENTATIONS = YES;
				CLANG_WARN_DIRECT_OBJC_ISA_USAGE = YES_ERROR;
				CLANG_WARN_DOCUMENTATION_COMMENTS = YES;
				CLANG_WARN_EMPTY_BODY = YES;
				CLANG_WARN_ENUM_CONVERSION = YES;
				CLANG_WARN_INFINITE_RECURSION = YES;
				CLANG_WARN_INT_CONVERSION = YES;
				CLANG_WARN_NON_LITERAL_NULL_CONVERSION = YES;
				CLANG_WARN_OBJC_IMPLICIT_RETAIN_SELF = YES;
				CLANG_WARN_OBJC_LITERAL_CONVERSION = YES;
				CLANG_WARN_OBJC_ROOT_CLASS = YES_ERROR;
				CLANG_WARN_QUOTED_INCLUDE_IN_FRAMEWORK_HEADER = YES;
				CLANG_WARN_RANGE_LOOP_ANALYSIS = YES;
				CLANG_WARN_STRICT_PROTOTYPES = YES;
				CLANG_WARN_SUSPICIOUS_MOVE = YES;
				CLANG_WARN_UNGUARDED_AVAILABILITY = YES_AGGRESSIVE;
				CLANG_WARN_UNREACHABLE_CODE = YES;
				CLANG_WARN__DUPLICATE_METHOD_MATCH = YES;
				COPY_PHASE_STRIP = NO;
				DEBUG_INFORMATION_FORMAT = "dwarf-with-dsym";
				ENABLE_NS_ASSERTIONS = NO;
				ENABLE_STRICT_OBJC_MSGSEND = YES;
				GCC_C_LANGUAGE_STANDARD = gnu11;
				GCC_NO_COMMON_BLOCKS = YES;
				GCC_WARN_64_TO_32_BIT_CONVERSION = YES;
				GCC_WARN_ABOUT_RETURN_TYPE = YES_ERROR;
				GCC_WARN_UNDECLARED_SELECTOR = YES;
				GCC_WARN_UNINITIALIZED_AUTOS = YES_AGGRESSIVE;
				GCC_WARN_UNUSED_FUNCTION = YES;
				GCC_WARN_UNUSED_VARIABLE = YES;
				IPHONEOS_DEPLOYMENT_TARGET = 15.4;
				MTL_ENABLE_DEBUG_INFO = NO;
				MTL_FAST_MATH = YES;
				SDKROOT = iphoneos;
				SWIFT_COMPILATION_MODE = wholemodule;
				SWIFT_OPTIMIZATION_LEVEL = "-O";
				VALIDATE_PRODUCT = YES;
			};
			name = Release;
		};
		4A91961C27FCB54400D9C791 /* Debug */ = {
			isa = XCBuildConfiguration;
			buildSettings = {
				ASSETCATALOG_COMPILER_APPICON_NAME = AppIcon;
				ASSETCATALOG_COMPILER_GLOBAL_ACCENT_COLOR_NAME = AccentColor;
				CODE_SIGN_STYLE = Automatic;
				CURRENT_PROJECT_VERSION = 1;
				GENERATE_INFOPLIST_FILE = YES;
				INFOPLIST_FILE = BuMeals/Info.plist;
				INFOPLIST_KEY_UIApplicationSupportsIndirectInputEvents = YES;
				INFOPLIST_KEY_UILaunchStoryboardName = LaunchScreen;
				INFOPLIST_KEY_UIMainStoryboardFile = Main;
				INFOPLIST_KEY_UISupportedInterfaceOrientations_iPad = "UIInterfaceOrientationPortrait UIInterfaceOrientationPortraitUpsideDown UIInterfaceOrientationLandscapeLeft UIInterfaceOrientationLandscapeRight";
				INFOPLIST_KEY_UISupportedInterfaceOrientations_iPhone = "UIInterfaceOrientationPortrait UIInterfaceOrientationLandscapeLeft UIInterfaceOrientationLandscapeRight";
				LD_RUNPATH_SEARCH_PATHS = (
					"$(inherited)",
					"@executable_path/Frameworks",
				);
				MARKETING_VERSION = 1.0;
				PRODUCT_BUNDLE_IDENTIFIER = com.AppleDeveloperAcademy.BuMeals;
				PRODUCT_NAME = "$(TARGET_NAME)";
				SWIFT_EMIT_LOC_STRINGS = YES;
				SWIFT_VERSION = 5.0;
				TARGETED_DEVICE_FAMILY = "1,2";
			};
			name = Debug;
		};
		4A91961D27FCB54400D9C791 /* Release */ = {
			isa = XCBuildConfiguration;
			buildSettings = {
				ASSETCATALOG_COMPILER_APPICON_NAME = AppIcon;
				ASSETCATALOG_COMPILER_GLOBAL_ACCENT_COLOR_NAME = AccentColor;
				CODE_SIGN_STYLE = Automatic;
				CURRENT_PROJECT_VERSION = 1;
				GENERATE_INFOPLIST_FILE = YES;
				INFOPLIST_FILE = BuMeals/Info.plist;
				INFOPLIST_KEY_UIApplicationSupportsIndirectInputEvents = YES;
				INFOPLIST_KEY_UILaunchStoryboardName = LaunchScreen;
				INFOPLIST_KEY_UIMainStoryboardFile = Main;
				INFOPLIST_KEY_UISupportedInterfaceOrientations_iPad = "UIInterfaceOrientationPortrait UIInterfaceOrientationPortraitUpsideDown UIInterfaceOrientationLandscapeLeft UIInterfaceOrientationLandscapeRight";
				INFOPLIST_KEY_UISupportedInterfaceOrientations_iPhone = "UIInterfaceOrientationPortrait UIInterfaceOrientationLandscapeLeft UIInterfaceOrientationLandscapeRight";
				LD_RUNPATH_SEARCH_PATHS = (
					"$(inherited)",
					"@executable_path/Frameworks",
				);
				MARKETING_VERSION = 1.0;
				PRODUCT_BUNDLE_IDENTIFIER = com.AppleDeveloperAcademy.BuMeals;
				PRODUCT_NAME = "$(TARGET_NAME)";
				SWIFT_EMIT_LOC_STRINGS = YES;
				SWIFT_VERSION = 5.0;
				TARGETED_DEVICE_FAMILY = "1,2";
			};
			name = Release;
		};
		4A91961F27FCB54400D9C791 /* Debug */ = {
			isa = XCBuildConfiguration;
			buildSettings = {
				ALWAYS_EMBED_SWIFT_STANDARD_LIBRARIES = YES;
				BUNDLE_LOADER = "$(TEST_HOST)";
				CODE_SIGN_STYLE = Automatic;
				CURRENT_PROJECT_VERSION = 1;
				GENERATE_INFOPLIST_FILE = YES;
				IPHONEOS_DEPLOYMENT_TARGET = 15.4;
				MARKETING_VERSION = 1.0;
				PRODUCT_BUNDLE_IDENTIFIER = com.AppleDeveloperAcademy.BuMealsTests;
				PRODUCT_NAME = "$(TARGET_NAME)";
				SWIFT_EMIT_LOC_STRINGS = NO;
				SWIFT_VERSION = 5.0;
				TARGETED_DEVICE_FAMILY = "1,2";
				TEST_HOST = "$(BUILT_PRODUCTS_DIR)/BuMeals.app/BuMeals";
			};
			name = Debug;
		};
		4A91962027FCB54400D9C791 /* Release */ = {
			isa = XCBuildConfiguration;
			buildSettings = {
				ALWAYS_EMBED_SWIFT_STANDARD_LIBRARIES = YES;
				BUNDLE_LOADER = "$(TEST_HOST)";
				CODE_SIGN_STYLE = Automatic;
				CURRENT_PROJECT_VERSION = 1;
				GENERATE_INFOPLIST_FILE = YES;
				IPHONEOS_DEPLOYMENT_TARGET = 15.4;
				MARKETING_VERSION = 1.0;
				PRODUCT_BUNDLE_IDENTIFIER = com.AppleDeveloperAcademy.BuMealsTests;
				PRODUCT_NAME = "$(TARGET_NAME)";
				SWIFT_EMIT_LOC_STRINGS = NO;
				SWIFT_VERSION = 5.0;
				TARGETED_DEVICE_FAMILY = "1,2";
				TEST_HOST = "$(BUILT_PRODUCTS_DIR)/BuMeals.app/BuMeals";
			};
			name = Release;
		};
		4A91962227FCB54400D9C791 /* Debug */ = {
			isa = XCBuildConfiguration;
			buildSettings = {
				ALWAYS_EMBED_SWIFT_STANDARD_LIBRARIES = YES;
				CODE_SIGN_STYLE = Automatic;
				CURRENT_PROJECT_VERSION = 1;
				GENERATE_INFOPLIST_FILE = YES;
				MARKETING_VERSION = 1.0;
				PRODUCT_BUNDLE_IDENTIFIER = com.AppleDeveloperAcademy.BuMealsUITests;
				PRODUCT_NAME = "$(TARGET_NAME)";
				SWIFT_EMIT_LOC_STRINGS = NO;
				SWIFT_VERSION = 5.0;
				TARGETED_DEVICE_FAMILY = "1,2";
				TEST_TARGET_NAME = BuMeals;
			};
			name = Debug;
		};
		4A91962327FCB54400D9C791 /* Release */ = {
			isa = XCBuildConfiguration;
			buildSettings = {
				ALWAYS_EMBED_SWIFT_STANDARD_LIBRARIES = YES;
				CODE_SIGN_STYLE = Automatic;
				CURRENT_PROJECT_VERSION = 1;
				GENERATE_INFOPLIST_FILE = YES;
				MARKETING_VERSION = 1.0;
				PRODUCT_BUNDLE_IDENTIFIER = com.AppleDeveloperAcademy.BuMealsUITests;
				PRODUCT_NAME = "$(TARGET_NAME)";
				SWIFT_EMIT_LOC_STRINGS = NO;
				SWIFT_VERSION = 5.0;
				TARGETED_DEVICE_FAMILY = "1,2";
				TEST_TARGET_NAME = BuMeals;
			};
			name = Release;
		};
/* End XCBuildConfiguration section */

/* Begin XCConfigurationList section */
		4A9195EC27FCB54300D9C791 /* Build configuration list for PBXProject "BuMeals" */ = {
			isa = XCConfigurationList;
			buildConfigurations = (
				4A91961927FCB54400D9C791 /* Debug */,
				4A91961A27FCB54400D9C791 /* Release */,
			);
			defaultConfigurationIsVisible = 0;
			defaultConfigurationName = Release;
		};
		4A91961B27FCB54400D9C791 /* Build configuration list for PBXNativeTarget "BuMeals" */ = {
			isa = XCConfigurationList;
			buildConfigurations = (
				4A91961C27FCB54400D9C791 /* Debug */,
				4A91961D27FCB54400D9C791 /* Release */,
			);
			defaultConfigurationIsVisible = 0;
			defaultConfigurationName = Release;
		};
		4A91961E27FCB54400D9C791 /* Build configuration list for PBXNativeTarget "BuMealsTests" */ = {
			isa = XCConfigurationList;
			buildConfigurations = (
				4A91961F27FCB54400D9C791 /* Debug */,
				4A91962027FCB54400D9C791 /* Release */,
			);
			defaultConfigurationIsVisible = 0;
			defaultConfigurationName = Release;
		};
		4A91962127FCB54400D9C791 /* Build configuration list for PBXNativeTarget "BuMealsUITests" */ = {
			isa = XCConfigurationList;
			buildConfigurations = (
				4A91962227FCB54400D9C791 /* Debug */,
				4A91962327FCB54400D9C791 /* Release */,
			);
			defaultConfigurationIsVisible = 0;
			defaultConfigurationName = Release;
		};
/* End XCConfigurationList section */
	};
	rootObject = 4A9195E927FCB54300D9C791 /* Project object */;
}
